
Microsoft Visual Studio Solution File, Format Version 12.00
# Visual Studio Version 17
VisualStudioVersion = 17.5.33516.290
MinimumVisualStudioVersion = 10.0.40219.1
Project("{FAE04EC0-301F-11D3-BF4B-00C04F79EFBC}") = "cw-4", "cw-4\cw-4.csproj", "{7917C653-82E1-4991-AB2F-8C17D1B41CA6}"
EndProject
Global
	GlobalSection(SolutionConfigurationPlatforms) = preSolution
		Debug|Any CPU = Debug|Any CPU
		Release|Any CPU = Release|Any CPU
	EndGlobalSection
	GlobalSection(ProjectConfigurationPlatforms) = postSolution
		{7917C653-82E1-4991-AB2F-8C17D1B41CA6}.Debug|Any CPU.ActiveCfg = Debug|Any CPU
		{7917C653-82E1-4991-AB2F-8C17D1B41CA6}.Debug|Any CPU.Build.0 = Debug|Any CPU
		{7917C653-82E1-4991-AB2F-8C17D1B41CA6}.Release|Any CPU.ActiveCfg = Release|Any CPU
		{7917C653-82E1-4991-AB2F-8C17D1B41CA6}.Release|Any CPU.Build.0 = Release|Any CPU
	EndGlobalSection
	GlobalSection(SolutionProperties) = preSolution
		HideSolutionNode = FALSE
	EndGlobalSection
	GlobalSection(ExtensibilityGlobals) = postSolution
		SolutionGuid = {4AA05091-58AB-448F-8163-A5054BA1476E}
	EndGlobalSection
EndGlobal
